// !$*UTF8*$!
{
	archiveVersion = 1;
	classes = {
	};
	objectVersion = 77;
	objects = {

/* Begin PBXBuildFile section */
		0AA7A10C2D91CD9D00EB5684 /* Inter-Bold.ttf in Resources */ = {isa = PBXBuildFile; fileRef = 0AA7A0DB2D91CD9D00EB5684 /* Inter-Bold.ttf */; };
		0AA7A10D2D91CD9D00EB5684 /* Inter-Regular.ttf in Resources */ = {isa = PBXBuildFile; fileRef = 0AA7A0DC2D91CD9D00EB5684 /* Inter-Regular.ttf */; };
		0AA7A10E2D91CD9D00EB5684 /* Inter-SemiBold.ttf in Resources */ = {isa = PBXBuildFile; fileRef = 0AA7A0DD2D91CD9D00EB5684 /* Inter-SemiBold.ttf */; };
		0AA7A10F2D91CD9D00EB5684 /* Outfit-Black.ttf in Resources */ = {isa = PBXBuildFile; fileRef = 0AA7A0DF2D91CD9D00EB5684 /* Outfit-Black.ttf */; };
		0AA7A1102D91CD9D00EB5684 /* Outfit-Bold.ttf in Resources */ = {isa = PBXBuildFile; fileRef = 0AA7A0E02D91CD9D00EB5684 /* Outfit-Bold.ttf */; };
		0AA7A1112D91CD9D00EB5684 /* Outfit-ExtraBold.ttf in Resources */ = {isa = PBXBuildFile; fileRef = 0AA7A0E12D91CD9D00EB5684 /* Outfit-ExtraBold.ttf */; };
		0AA7A1122D91CD9D00EB5684 /* Outfit-ExtraLight.ttf in Resources */ = {isa = PBXBuildFile; fileRef = 0AA7A0E22D91CD9D00EB5684 /* Outfit-ExtraLight.ttf */; };
		0AA7A1132D91CD9D00EB5684 /* Outfit-Light.ttf in Resources */ = {isa = PBXBuildFile; fileRef = 0AA7A0E32D91CD9D00EB5684 /* Outfit-Light.ttf */; };
		0AA7A1142D91CD9D00EB5684 /* Outfit-Medium.ttf in Resources */ = {isa = PBXBuildFile; fileRef = 0AA7A0E42D91CD9D00EB5684 /* Outfit-Medium.ttf */; };
		0AA7A1152D91CD9D00EB5684 /* Outfit-Regular.ttf in Resources */ = {isa = PBXBuildFile; fileRef = 0AA7A0E52D91CD9D00EB5684 /* Outfit-Regular.ttf */; };
		0AA7A1162D91CD9D00EB5684 /* Outfit-SemiBold.ttf in Resources */ = {isa = PBXBuildFile; fileRef = 0AA7A0E62D91CD9D00EB5684 /* Outfit-SemiBold.ttf */; };
		0AA7A1172D91CD9D00EB5684 /* Outfit-Thin.ttf in Resources */ = {isa = PBXBuildFile; fileRef = 0AA7A0E72D91CD9D00EB5684 /* Outfit-Thin.ttf */; };
		0AA7A1182D91CD9D00EB5684 /* Assets.xcassets in Resources */ = {isa = PBXBuildFile; fileRef = 0AA7A0EA2D91CD9D00EB5684 /* Assets.xcassets */; };
		0AA7A1192D91CD9D00EB5684 /* Localizable.strings in Resources */ = {isa = PBXBuildFile; fileRef = 0AA7A0EC2D91CD9D00EB5684 /* Localizable.strings */; };
		0AA7A11A2D91CD9D00EB5684 /* Preview Assets.xcassets in Resources */ = {isa = PBXBuildFile; fileRef = 0AA7A0FB2D91CD9D00EB5684 /* Preview Assets.xcassets */; };
		0AA7A11C2D91CD9D00EB5684 /* BasePopup.swift in Sources */ = {isa = PBXBuildFile; fileRef = 0AA7A0EF2D91CD9D00EB5684 /* BasePopup.swift */; };
		0AA7A11D2D91CD9D00EB5684 /* SBBaseView.swift in Sources */ = {isa = PBXBuildFile; fileRef = 0AA7A0F02D91CD9D00EB5684 /* SBBaseView.swift */; };
		0AA7A11E2D91CD9D00EB5684 /* SheetBase.swift in Sources */ = {isa = PBXBuildFile; fileRef = 0AA7A0F12D91CD9D00EB5684 /* SheetBase.swift */; };
		0AA7A11F2D91CD9D00EB5684 /* BezierCurvePath.swift in Sources */ = {isa = PBXBuildFile; fileRef = 0AA7A0F32D91CD9D00EB5684 /* BezierCurvePath.swift */; };
		0AA7A1202D91CD9D00EB5684 /* CustomTabBar.swift in Sources */ = {isa = PBXBuildFile; fileRef = 0AA7A0F42D91CD9D00EB5684 /* CustomTabBar.swift */; };
		0AA7A1212D91CD9D00EB5684 /* TabModel.swift in Sources */ = {isa = PBXBuildFile; fileRef = 0AA7A0F62D91CD9D00EB5684 /* TabModel.swift */; };
		0AA7A1222D91CD9D00EB5684 /* Types.swift in Sources */ = {isa = PBXBuildFile; fileRef = 0AA7A0F82D91CD9D00EB5684 /* Types.swift */; };
		0AA7A1232D91CD9D00EB5684 /* UIApplication+Ext.swift in Sources */ = {isa = PBXBuildFile; fileRef = 0AA7A0F92D91CD9D00EB5684 /* UIApplication+Ext.swift */; };
		0AA7A1242D91CD9D00EB5684 /* SnapBuyApp.swift in Sources */ = {isa = PBXBuildFile; fileRef = 0AA7A0FD2D91CD9D00EB5684 /* SnapBuyApp.swift */; };
		0AA7A1252D91CD9D00EB5684 /* CartView.swift in Sources */ = {isa = PBXBuildFile; fileRef = 0AA7A0FF2D91CD9D00EB5684 /* CartView.swift */; };
		0AA7A1262D91CD9D00EB5684 /* FavouriteView.swift in Sources */ = {isa = PBXBuildFile; fileRef = 0AA7A1002D91CD9D00EB5684 /* FavouriteView.swift */; };
		0AA7A1272D91CD9D00EB5684 /* HomeView.swift in Sources */ = {isa = PBXBuildFile; fileRef = 0AA7A1012D91CD9D00EB5684 /* HomeView.swift */; };
		0AA7A1282D91CD9D00EB5684 /* NotiView.swift in Sources */ = {isa = PBXBuildFile; fileRef = 0AA7A1022D91CD9D00EB5684 /* NotiView.swift */; };
		0AA7A1292D91CD9D00EB5684 /* UserView.swift in Sources */ = {isa = PBXBuildFile; fileRef = 0AA7A1032D91CD9D00EB5684 /* UserView.swift */; };
		0AA7A12A2D91CD9D00EB5684 /* ContentView.swift in Sources */ = {isa = PBXBuildFile; fileRef = 0AA7A1052D91CD9D00EB5684 /* ContentView.swift */; };
		0AA7A12B2D91CD9D00EB5684 /* SBAppConstants.swift in Sources */ = {isa = PBXBuildFile; fileRef = 0AA7A1062D91CD9D00EB5684 /* SBAppConstants.swift */; };
		0AA7A12E2D91CF3600EB5684 /* R.generated.swift in Sources */ = {isa = PBXBuildFile; fileRef = 0AA7A12D2D91CF3600EB5684 /* R.generated.swift */; };
		0AA7A1312D91CF7100EB5684 /* SBLoginView.swift in Sources */ = {isa = PBXBuildFile; fileRef = 0AA7A1302D91CF6800EB5684 /* SBLoginView.swift */; };
		0AA7A1342D9239A700EB5684 /* SBTextInput.swift in Sources */ = {isa = PBXBuildFile; fileRef = 0AA7A1332D9239A200EB5684 /* SBTextInput.swift */; };
		0AA7A1362D923C0600EB5684 /* RSwiftExtension.swift in Sources */ = {isa = PBXBuildFile; fileRef = 0AA7A1352D923BFF00EB5684 /* RSwiftExtension.swift */; };
		0AA7A1382D923FAD00EB5684 /* SBButton.swift in Sources */ = {isa = PBXBuildFile; fileRef = 0AA7A1372D923FAA00EB5684 /* SBButton.swift */; };
		0AA7A13A2D92FA7200EB5684 /* SBComponentProvider.swift in Sources */ = {isa = PBXBuildFile; fileRef = 0AA7A1392D92FA6A00EB5684 /* SBComponentProvider.swift */; };
		1136D81B7CB8C1798433F2A6 /* Pods_SnapBuy.framework in Frameworks */ = {isa = PBXBuildFile; fileRef = 68E662488D45EFC313A2A406 /* Pods_SnapBuy.framework */; };
/* End PBXBuildFile section */

/* Begin PBXFileReference section */
		0AA7A0DB2D91CD9D00EB5684 /* Inter-Bold.ttf */ = {isa = PBXFileReference; lastKnownFileType = file; path = "Inter-Bold.ttf"; sourceTree = "<group>"; };
		0AA7A0DC2D91CD9D00EB5684 /* Inter-Regular.ttf */ = {isa = PBXFileReference; lastKnownFileType = file; path = "Inter-Regular.ttf"; sourceTree = "<group>"; };
		0AA7A0DD2D91CD9D00EB5684 /* Inter-SemiBold.ttf */ = {isa = PBXFileReference; lastKnownFileType = file; path = "Inter-SemiBold.ttf"; sourceTree = "<group>"; };
		0AA7A0DF2D91CD9D00EB5684 /* Outfit-Black.ttf */ = {isa = PBXFileReference; lastKnownFileType = file; path = "Outfit-Black.ttf"; sourceTree = "<group>"; };
		0AA7A0E02D91CD9D00EB5684 /* Outfit-Bold.ttf */ = {isa = PBXFileReference; lastKnownFileType = file; path = "Outfit-Bold.ttf"; sourceTree = "<group>"; };
		0AA7A0E12D91CD9D00EB5684 /* Outfit-ExtraBold.ttf */ = {isa = PBXFileReference; lastKnownFileType = file; path = "Outfit-ExtraBold.ttf"; sourceTree = "<group>"; };
		0AA7A0E22D91CD9D00EB5684 /* Outfit-ExtraLight.ttf */ = {isa = PBXFileReference; lastKnownFileType = file; path = "Outfit-ExtraLight.ttf"; sourceTree = "<group>"; };
		0AA7A0E32D91CD9D00EB5684 /* Outfit-Light.ttf */ = {isa = PBXFileReference; lastKnownFileType = file; path = "Outfit-Light.ttf"; sourceTree = "<group>"; };
		0AA7A0E42D91CD9D00EB5684 /* Outfit-Medium.ttf */ = {isa = PBXFileReference; lastKnownFileType = file; path = "Outfit-Medium.ttf"; sourceTree = "<group>"; };
		0AA7A0E52D91CD9D00EB5684 /* Outfit-Regular.ttf */ = {isa = PBXFileReference; lastKnownFileType = file; path = "Outfit-Regular.ttf"; sourceTree = "<group>"; };
		0AA7A0E62D91CD9D00EB5684 /* Outfit-SemiBold.ttf */ = {isa = PBXFileReference; lastKnownFileType = file; path = "Outfit-SemiBold.ttf"; sourceTree = "<group>"; };
		0AA7A0E72D91CD9D00EB5684 /* Outfit-Thin.ttf */ = {isa = PBXFileReference; lastKnownFileType = file; path = "Outfit-Thin.ttf"; sourceTree = "<group>"; };
		0AA7A0EA2D91CD9D00EB5684 /* Assets.xcassets */ = {isa = PBXFileReference; lastKnownFileType = folder.assetcatalog; path = Assets.xcassets; sourceTree = "<group>"; };
		0AA7A0EB2D91CD9D00EB5684 /* en */ = {isa = PBXFileReference; lastKnownFileType = text.plist.strings; name = en; path = en.lproj/Localizable.strings; sourceTree = "<group>"; };
		0AA7A0EF2D91CD9D00EB5684 /* BasePopup.swift */ = {isa = PBXFileReference; lastKnownFileType = sourcecode.swift; path = BasePopup.swift; sourceTree = "<group>"; };
		0AA7A0F02D91CD9D00EB5684 /* SBBaseView.swift */ = {isa = PBXFileReference; lastKnownFileType = sourcecode.swift; path = SBBaseView.swift; sourceTree = "<group>"; };
		0AA7A0F12D91CD9D00EB5684 /* SheetBase.swift */ = {isa = PBXFileReference; lastKnownFileType = sourcecode.swift; path = SheetBase.swift; sourceTree = "<group>"; };
		0AA7A0F32D91CD9D00EB5684 /* BezierCurvePath.swift */ = {isa = PBXFileReference; lastKnownFileType = sourcecode.swift; path = BezierCurvePath.swift; sourceTree = "<group>"; };
		0AA7A0F42D91CD9D00EB5684 /* CustomTabBar.swift */ = {isa = PBXFileReference; lastKnownFileType = sourcecode.swift; path = CustomTabBar.swift; sourceTree = "<group>"; };
		0AA7A0F62D91CD9D00EB5684 /* TabModel.swift */ = {isa = PBXFileReference; lastKnownFileType = sourcecode.swift; path = TabModel.swift; sourceTree = "<group>"; };
		0AA7A0F82D91CD9D00EB5684 /* Types.swift */ = {isa = PBXFileReference; lastKnownFileType = sourcecode.swift; path = Types.swift; sourceTree = "<group>"; };
		0AA7A0F92D91CD9D00EB5684 /* UIApplication+Ext.swift */ = {isa = PBXFileReference; lastKnownFileType = sourcecode.swift; path = "UIApplication+Ext.swift"; sourceTree = "<group>"; };
		0AA7A0FB2D91CD9D00EB5684 /* Preview Assets.xcassets */ = {isa = PBXFileReference; lastKnownFileType = folder.assetcatalog; path = "Preview Assets.xcassets"; sourceTree = "<group>"; };
		0AA7A0FD2D91CD9D00EB5684 /* SnapBuyApp.swift */ = {isa = PBXFileReference; lastKnownFileType = sourcecode.swift; path = SnapBuyApp.swift; sourceTree = "<group>"; };
		0AA7A0FF2D91CD9D00EB5684 /* CartView.swift */ = {isa = PBXFileReference; lastKnownFileType = sourcecode.swift; path = CartView.swift; sourceTree = "<group>"; };
		0AA7A1002D91CD9D00EB5684 /* FavouriteView.swift */ = {isa = PBXFileReference; lastKnownFileType = sourcecode.swift; path = FavouriteView.swift; sourceTree = "<group>"; };
		0AA7A1012D91CD9D00EB5684 /* HomeView.swift */ = {isa = PBXFileReference; lastKnownFileType = sourcecode.swift; path = HomeView.swift; sourceTree = "<group>"; };
		0AA7A1022D91CD9D00EB5684 /* NotiView.swift */ = {isa = PBXFileReference; lastKnownFileType = sourcecode.swift; path = NotiView.swift; sourceTree = "<group>"; };
		0AA7A1032D91CD9D00EB5684 /* UserView.swift */ = {isa = PBXFileReference; lastKnownFileType = sourcecode.swift; path = UserView.swift; sourceTree = "<group>"; };
		0AA7A1052D91CD9D00EB5684 /* ContentView.swift */ = {isa = PBXFileReference; lastKnownFileType = sourcecode.swift; path = ContentView.swift; sourceTree = "<group>"; };
		0AA7A1062D91CD9D00EB5684 /* SBAppConstants.swift */ = {isa = PBXFileReference; lastKnownFileType = sourcecode.swift; path = SBAppConstants.swift; sourceTree = "<group>"; };
		0AA7A10A2D91CD9D00EB5684 /* Info.plist */ = {isa = PBXFileReference; lastKnownFileType = text.plist.xml; path = Info.plist; sourceTree = "<group>"; };
		0AA7A12D2D91CF3600EB5684 /* R.generated.swift */ = {isa = PBXFileReference; lastKnownFileType = sourcecode.swift; path = R.generated.swift; sourceTree = SOURCE_ROOT; };
		0AA7A1302D91CF6800EB5684 /* SBLoginView.swift */ = {isa = PBXFileReference; lastKnownFileType = sourcecode.swift; path = SBLoginView.swift; sourceTree = "<group>"; };
		0AA7A1332D9239A200EB5684 /* SBTextInput.swift */ = {isa = PBXFileReference; lastKnownFileType = sourcecode.swift; path = SBTextInput.swift; sourceTree = "<group>"; };
		0AA7A1352D923BFF00EB5684 /* RSwiftExtension.swift */ = {isa = PBXFileReference; lastKnownFileType = sourcecode.swift; path = RSwiftExtension.swift; sourceTree = "<group>"; };
		0AA7A1372D923FAA00EB5684 /* SBButton.swift */ = {isa = PBXFileReference; lastKnownFileType = sourcecode.swift; path = SBButton.swift; sourceTree = "<group>"; };
		0AA7A1392D92FA6A00EB5684 /* SBComponentProvider.swift */ = {isa = PBXFileReference; lastKnownFileType = sourcecode.swift; path = SBComponentProvider.swift; sourceTree = "<group>"; };
		68E662488D45EFC313A2A406 /* Pods_SnapBuy.framework */ = {isa = PBXFileReference; explicitFileType = wrapper.framework; includeInIndex = 0; path = Pods_SnapBuy.framework; sourceTree = BUILT_PRODUCTS_DIR; };
		6F0B829D058138A7823F66B5 /* Pods-SnapBuy.debug.xcconfig */ = {isa = PBXFileReference; includeInIndex = 1; lastKnownFileType = text.xcconfig; name = "Pods-SnapBuy.debug.xcconfig"; path = "Target Support Files/Pods-SnapBuy/Pods-SnapBuy.debug.xcconfig"; sourceTree = "<group>"; };
		8BDE79FAB67DEB8843E5A04A /* Pods-SnapBuy.release.xcconfig */ = {isa = PBXFileReference; includeInIndex = 1; lastKnownFileType = text.xcconfig; name = "Pods-SnapBuy.release.xcconfig"; path = "Target Support Files/Pods-SnapBuy/Pods-SnapBuy.release.xcconfig"; sourceTree = "<group>"; };
		DA6A84AB2D809E7700454EEF /* SnapBuy.app */ = {isa = PBXFileReference; explicitFileType = wrapper.application; includeInIndex = 0; path = SnapBuy.app; sourceTree = BUILT_PRODUCTS_DIR; };
/* End PBXFileReference section */

/* Begin PBXFrameworksBuildPhase section */
		DA6A84A82D809E7700454EEF /* Frameworks */ = {
			isa = PBXFrameworksBuildPhase;
			buildActionMask = 2147483647;
			files = (
				1136D81B7CB8C1798433F2A6 /* Pods_SnapBuy.framework in Frameworks */,
			);
			runOnlyForDeploymentPostprocessing = 0;
		};
/* End PBXFrameworksBuildPhase section */

/* Begin PBXGroup section */
		0AA7A0DE2D91CD9D00EB5684 /* Inter */ = {
			isa = PBXGroup;
			children = (
				0AA7A0DB2D91CD9D00EB5684 /* Inter-Bold.ttf */,
				0AA7A0DC2D91CD9D00EB5684 /* Inter-Regular.ttf */,
				0AA7A0DD2D91CD9D00EB5684 /* Inter-SemiBold.ttf */,
			);
			path = Inter;
			sourceTree = "<group>";
		};
		0AA7A0E82D91CD9D00EB5684 /* Outfit */ = {
			isa = PBXGroup;
			children = (
				0AA7A0DF2D91CD9D00EB5684 /* Outfit-Black.ttf */,
				0AA7A0E02D91CD9D00EB5684 /* Outfit-Bold.ttf */,
				0AA7A0E12D91CD9D00EB5684 /* Outfit-ExtraBold.ttf */,
				0AA7A0E22D91CD9D00EB5684 /* Outfit-ExtraLight.ttf */,
				0AA7A0E32D91CD9D00EB5684 /* Outfit-Light.ttf */,
				0AA7A0E42D91CD9D00EB5684 /* Outfit-Medium.ttf */,
				0AA7A0E52D91CD9D00EB5684 /* Outfit-Regular.ttf */,
				0AA7A0E62D91CD9D00EB5684 /* Outfit-SemiBold.ttf */,
				0AA7A0E72D91CD9D00EB5684 /* Outfit-Thin.ttf */,
			);
			path = Outfit;
			sourceTree = "<group>";
		};
		0AA7A0E92D91CD9D00EB5684 /* Font */ = {
			isa = PBXGroup;
			children = (
				0AA7A0DE2D91CD9D00EB5684 /* Inter */,
				0AA7A0E82D91CD9D00EB5684 /* Outfit */,
			);
			path = Font;
			sourceTree = "<group>";
		};
		0AA7A0ED2D91CD9D00EB5684 /* Resource */ = {
			isa = PBXGroup;
			children = (
				0AA7A0E92D91CD9D00EB5684 /* Font */,
				0AA7A0EA2D91CD9D00EB5684 /* Assets.xcassets */,
				0AA7A0EC2D91CD9D00EB5684 /* Localizable.strings */,
			);
			path = Resource;
			sourceTree = "<group>";
		};
		0AA7A0EE2D91CD9D00EB5684 /* Helpers */ = {
			isa = PBXGroup;
			children = (
				0AA7A1392D92FA6A00EB5684 /* SBComponentProvider.swift */,
				0AA7A1352D923BFF00EB5684 /* RSwiftExtension.swift */,
				0AA7A12D2D91CF3600EB5684 /* R.generated.swift */,
			);
			path = Helpers;
			sourceTree = "<group>";
		};
		0AA7A0F22D91CD9D00EB5684 /* Base */ = {
			isa = PBXGroup;
			children = (
				0AA7A0EF2D91CD9D00EB5684 /* BasePopup.swift */,
				0AA7A0F02D91CD9D00EB5684 /* SBBaseView.swift */,
				0AA7A0F12D91CD9D00EB5684 /* SheetBase.swift */,
			);
			path = Base;
			sourceTree = "<group>";
		};
		0AA7A0F52D91CD9D00EB5684 /* CustomTabBar */ = {
			isa = PBXGroup;
			children = (
				0AA7A0F32D91CD9D00EB5684 /* BezierCurvePath.swift */,
				0AA7A0F42D91CD9D00EB5684 /* CustomTabBar.swift */,
			);
			path = CustomTabBar;
			sourceTree = "<group>";
		};
		0AA7A0F72D91CD9D00EB5684 /* Models */ = {
			isa = PBXGroup;
			children = (
				0AA7A0F62D91CD9D00EB5684 /* TabModel.swift */,
			);
			path = Models;
			sourceTree = "<group>";
		};
		0AA7A0FA2D91CD9D00EB5684 /* MyUtils */ = {
			isa = PBXGroup;
			children = (
				0AA7A0F82D91CD9D00EB5684 /* Types.swift */,
				0AA7A0F92D91CD9D00EB5684 /* UIApplication+Ext.swift */,
			);
			path = MyUtils;
			sourceTree = "<group>";
		};
		0AA7A0FC2D91CD9D00EB5684 /* Preview Content */ = {
			isa = PBXGroup;
			children = (
				0AA7A0FB2D91CD9D00EB5684 /* Preview Assets.xcassets */,
			);
			path = "Preview Content";
			sourceTree = "<group>";
		};
		0AA7A0FE2D91CD9D00EB5684 /* Root */ = {
			isa = PBXGroup;
			children = (
				0AA7A0FD2D91CD9D00EB5684 /* SnapBuyApp.swift */,
			);
			path = Root;
			sourceTree = "<group>";
		};
		0AA7A1042D91CD9D00EB5684 /* Views */ = {
			isa = PBXGroup;
			children = (
				0AA7A0FF2D91CD9D00EB5684 /* CartView.swift */,
				0AA7A1002D91CD9D00EB5684 /* FavouriteView.swift */,
				0AA7A1012D91CD9D00EB5684 /* HomeView.swift */,
				0AA7A1022D91CD9D00EB5684 /* NotiView.swift */,
				0AA7A1032D91CD9D00EB5684 /* UserView.swift */,
			);
			path = Views;
			sourceTree = "<group>";
		};
		0AA7A1072D91CD9D00EB5684 /* Modules */ = {
			isa = PBXGroup;
			children = (
				0AA7A12F2D91CF5C00EB5684 /* LoginScreen */,
				0AA7A0F22D91CD9D00EB5684 /* Base */,
				0AA7A0F52D91CD9D00EB5684 /* CustomTabBar */,
				0AA7A0F72D91CD9D00EB5684 /* Models */,
				0AA7A0FA2D91CD9D00EB5684 /* MyUtils */,
				0AA7A0FC2D91CD9D00EB5684 /* Preview Content */,
				0AA7A0FE2D91CD9D00EB5684 /* Root */,
				0AA7A1042D91CD9D00EB5684 /* Views */,
				0AA7A1052D91CD9D00EB5684 /* ContentView.swift */,
				0AA7A1062D91CD9D00EB5684 /* SBAppConstants.swift */,
			);
			path = Modules;
			sourceTree = "<group>";
		};
		0AA7A1082D91CD9D00EB5684 /* Services */ = {
			isa = PBXGroup;
			children = (
			);
			path = Services;
			sourceTree = "<group>";
		};
		0AA7A1092D91CD9D00EB5684 /* Source */ = {
			isa = PBXGroup;
			children = (
				0AA7A0EE2D91CD9D00EB5684 /* Helpers */,
				0AA7A1072D91CD9D00EB5684 /* Modules */,
				0AA7A1082D91CD9D00EB5684 /* Services */,
			);
			path = Source;
			sourceTree = "<group>";
		};
		0AA7A10B2D91CD9D00EB5684 /* SnapBuy */ = {
			isa = PBXGroup;
			children = (
				0AA7A0ED2D91CD9D00EB5684 /* Resource */,
				0AA7A1092D91CD9D00EB5684 /* Source */,
				0AA7A10A2D91CD9D00EB5684 /* Info.plist */,
			);
			path = SnapBuy;
			sourceTree = "<group>";
		};
		0AA7A12F2D91CF5C00EB5684 /* LoginScreen */ = {
			isa = PBXGroup;
			children = (
				0AA7A1322D92399C00EB5684 /* Subviews */,
				0AA7A1302D91CF6800EB5684 /* SBLoginView.swift */,
			);
			path = LoginScreen;
			sourceTree = "<group>";
		};
		0AA7A1322D92399C00EB5684 /* Subviews */ = {
			isa = PBXGroup;
			children = (
				0AA7A1372D923FAA00EB5684 /* SBButton.swift */,
				0AA7A1332D9239A200EB5684 /* SBTextInput.swift */,
			);
			path = Subviews;
			sourceTree = "<group>";
		};
		7AAFA3A814AD51DBC596FF17 /* Pods */ = {
			isa = PBXGroup;
			children = (
				6F0B829D058138A7823F66B5 /* Pods-SnapBuy.debug.xcconfig */,
				8BDE79FAB67DEB8843E5A04A /* Pods-SnapBuy.release.xcconfig */,
			);
			path = Pods;
			sourceTree = "<group>";
		};
		982334A90BBDD482EB16124A /* Frameworks */ = {
			isa = PBXGroup;
			children = (
				68E662488D45EFC313A2A406 /* Pods_SnapBuy.framework */,
			);
			name = Frameworks;
			sourceTree = "<group>";
		};
		DA6A84A22D809E7700454EEF = {
			isa = PBXGroup;
			children = (
				0AA7A10B2D91CD9D00EB5684 /* SnapBuy */,
				DA6A84AC2D809E7700454EEF /* Products */,
				7AAFA3A814AD51DBC596FF17 /* Pods */,
				982334A90BBDD482EB16124A /* Frameworks */,
			);
			sourceTree = "<group>";
		};
		DA6A84AC2D809E7700454EEF /* Products */ = {
			isa = PBXGroup;
			children = (
				DA6A84AB2D809E7700454EEF /* SnapBuy.app */,
			);
			name = Products;
			sourceTree = "<group>";
		};
/* End PBXGroup section */

/* Begin PBXNativeTarget section */
		DA6A84AA2D809E7700454EEF /* SnapBuy */ = {
			isa = PBXNativeTarget;
			buildConfigurationList = DA6A84B92D809E7900454EEF /* Build configuration list for PBXNativeTarget "SnapBuy" */;
			buildPhases = (
				5673848011722E79480806CD /* [CP] Check Pods Manifest.lock */,
				0AA7A12C2D91CEAC00EB5684 /* R.swift */,
				DA67647C2D8C0F1A00AF4DF7 /* ShellScript */,
				DA6A84A72D809E7700454EEF /* Sources */,
				DA6A84A82D809E7700454EEF /* Frameworks */,
				DA6A84A92D809E7700454EEF /* Resources */,
				0AD872613B58ADD395077AB6 /* [CP] Embed Pods Frameworks */,
			);
			buildRules = (
			);
			dependencies = (
			);
			name = SnapBuy;
			productName = SnapBuy;
			productReference = DA6A84AB2D809E7700454EEF /* SnapBuy.app */;
			productType = "com.apple.product-type.application";
		};
/* End PBXNativeTarget section */

/* Begin PBXProject section */
		DA6A84A32D809E7700454EEF /* Project object */ = {
			isa = PBXProject;
			attributes = {
				BuildIndependentTargetsInParallel = 1;
				LastSwiftUpdateCheck = 1620;
				LastUpgradeCheck = 1620;
				TargetAttributes = {
					DA6A84AA2D809E7700454EEF = {
						CreatedOnToolsVersion = 16.2;
					};
				};
			};
			buildConfigurationList = DA6A84A62D809E7700454EEF /* Build configuration list for PBXProject "SnapBuy" */;
			developmentRegion = en;
			hasScannedForEncodings = 0;
			knownRegions = (
				en,
				Base,
			);
			mainGroup = DA6A84A22D809E7700454EEF;
			minimizedProjectReferenceProxies = 1;
			preferredProjectObjectVersion = 77;
			productRefGroup = DA6A84AC2D809E7700454EEF /* Products */;
			projectDirPath = "";
			projectRoot = "";
			targets = (
				DA6A84AA2D809E7700454EEF /* SnapBuy */,
			);
		};
/* End PBXProject section */

/* Begin PBXResourcesBuildPhase section */
		DA6A84A92D809E7700454EEF /* Resources */ = {
			isa = PBXResourcesBuildPhase;
			buildActionMask = 2147483647;
			files = (
				0AA7A10C2D91CD9D00EB5684 /* Inter-Bold.ttf in Resources */,
				0AA7A10D2D91CD9D00EB5684 /* Inter-Regular.ttf in Resources */,
				0AA7A10E2D91CD9D00EB5684 /* Inter-SemiBold.ttf in Resources */,
				0AA7A10F2D91CD9D00EB5684 /* Outfit-Black.ttf in Resources */,
				0AA7A1102D91CD9D00EB5684 /* Outfit-Bold.ttf in Resources */,
				0AA7A1112D91CD9D00EB5684 /* Outfit-ExtraBold.ttf in Resources */,
				0AA7A1122D91CD9D00EB5684 /* Outfit-ExtraLight.ttf in Resources */,
				0AA7A1132D91CD9D00EB5684 /* Outfit-Light.ttf in Resources */,
				0AA7A1142D91CD9D00EB5684 /* Outfit-Medium.ttf in Resources */,
				0AA7A1152D91CD9D00EB5684 /* Outfit-Regular.ttf in Resources */,
				0AA7A1162D91CD9D00EB5684 /* Outfit-SemiBold.ttf in Resources */,
				0AA7A1172D91CD9D00EB5684 /* Outfit-Thin.ttf in Resources */,
				0AA7A1182D91CD9D00EB5684 /* Assets.xcassets in Resources */,
				0AA7A1192D91CD9D00EB5684 /* Localizable.strings in Resources */,
				0AA7A11A2D91CD9D00EB5684 /* Preview Assets.xcassets in Resources */,
			);
			runOnlyForDeploymentPostprocessing = 0;
		};
/* End PBXResourcesBuildPhase section */

/* Begin PBXShellScriptBuildPhase section */
		0AA7A12C2D91CEAC00EB5684 /* R.swift */ = {
			isa = PBXShellScriptBuildPhase;
			alwaysOutOfDate = 1;
			buildActionMask = 2147483647;
			files = (
			);
			inputFileListPaths = (
			);
			inputPaths = (
			);
			name = R.swift;
			outputFileListPaths = (
			);
			outputPaths = (
			);
			runOnlyForDeploymentPostprocessing = 0;
			shellPath = /bin/sh;
			shellScript = "\"$PODS_ROOT/R.swift/rswift\" generate --generators image,string,font,file \"$SRCROOT/R.generated.swift\"\n\n";
		};
		0AD872613B58ADD395077AB6 /* [CP] Embed Pods Frameworks */ = {
			isa = PBXShellScriptBuildPhase;
			buildActionMask = 2147483647;
			files = (
			);
			inputFileListPaths = (
				"${PODS_ROOT}/Target Support Files/Pods-SnapBuy/Pods-SnapBuy-frameworks-${CONFIGURATION}-input-files.xcfilelist",
			);
			name = "[CP] Embed Pods Frameworks";
			outputFileListPaths = (
				"${PODS_ROOT}/Target Support Files/Pods-SnapBuy/Pods-SnapBuy-frameworks-${CONFIGURATION}-output-files.xcfilelist",
			);
			runOnlyForDeploymentPostprocessing = 0;
			shellPath = /bin/sh;
			shellScript = "\"${PODS_ROOT}/Target Support Files/Pods-SnapBuy/Pods-SnapBuy-frameworks.sh\"\n";
			showEnvVarsInLog = 0;
		};
		5673848011722E79480806CD /* [CP] Check Pods Manifest.lock */ = {
			isa = PBXShellScriptBuildPhase;
			buildActionMask = 2147483647;
			files = (
			);
			inputFileListPaths = (
			);
			inputPaths = (
				"${PODS_PODFILE_DIR_PATH}/Podfile.lock",
				"${PODS_ROOT}/Manifest.lock",
			);
			name = "[CP] Check Pods Manifest.lock";
			outputFileListPaths = (
			);
			outputPaths = (
				"$(DERIVED_FILE_DIR)/Pods-SnapBuy-checkManifestLockResult.txt",
			);
			runOnlyForDeploymentPostprocessing = 0;
			shellPath = /bin/sh;
			shellScript = "diff \"${PODS_PODFILE_DIR_PATH}/Podfile.lock\" \"${PODS_ROOT}/Manifest.lock\" > /dev/null\nif [ $? != 0 ] ; then\n    # print error to STDERR\n    echo \"error: The sandbox is not in sync with the Podfile.lock. Run 'pod install' or update your CocoaPods installation.\" >&2\n    exit 1\nfi\n# This output is used by Xcode 'outputs' to avoid re-running this script phase.\necho \"SUCCESS\" > \"${SCRIPT_OUTPUT_FILE_0}\"\n";
			showEnvVarsInLog = 0;
		};
		DA67647C2D8C0F1A00AF4DF7 /* ShellScript */ = {
			isa = PBXShellScriptBuildPhase;
			buildActionMask = 2147483647;
			files = (
			);
			inputFileListPaths = (
			);
			inputPaths = (
			);
			outputFileListPaths = (
			);
			outputPaths = (
			);
			runOnlyForDeploymentPostprocessing = 0;
			shellPath = /bin/sh;
			shellScript = "\"$PODS_ROOT/R.swift/rswift\" generate \"$SRCROOT/SnapBuy/Resource/R.generated.swift\"\n";
		};
/* End PBXShellScriptBuildPhase section */

/* Begin PBXSourcesBuildPhase section */
		DA6A84A72D809E7700454EEF /* Sources */ = {
			isa = PBXSourcesBuildPhase;
			buildActionMask = 2147483647;
			files = (
				0AA7A11C2D91CD9D00EB5684 /* BasePopup.swift in Sources */,
				0AA7A11D2D91CD9D00EB5684 /* SBBaseView.swift in Sources */,
				0AA7A11E2D91CD9D00EB5684 /* SheetBase.swift in Sources */,
				0AA7A11F2D91CD9D00EB5684 /* BezierCurvePath.swift in Sources */,
				0AA7A1202D91CD9D00EB5684 /* CustomTabBar.swift in Sources */,
				0AA7A1382D923FAD00EB5684 /* SBButton.swift in Sources */,
				0AA7A1212D91CD9D00EB5684 /* TabModel.swift in Sources */,
				0AA7A1222D91CD9D00EB5684 /* Types.swift in Sources */,
				0AA7A1232D91CD9D00EB5684 /* UIApplication+Ext.swift in Sources */,
				0AA7A1362D923C0600EB5684 /* RSwiftExtension.swift in Sources */,
				0AA7A12E2D91CF3600EB5684 /* R.generated.swift in Sources */,
				0AA7A13A2D92FA7200EB5684 /* SBComponentProvider.swift in Sources */,
				0AA7A1242D91CD9D00EB5684 /* SnapBuyApp.swift in Sources */,
				0AA7A1252D91CD9D00EB5684 /* CartView.swift in Sources */,
				0AA7A1262D91CD9D00EB5684 /* FavouriteView.swift in Sources */,
				0AA7A1272D91CD9D00EB5684 /* HomeView.swift in Sources */,
				0AA7A1312D91CF7100EB5684 /* SBLoginView.swift in Sources */,
				0AA7A1282D91CD9D00EB5684 /* NotiView.swift in Sources */,
				0AA7A1292D91CD9D00EB5684 /* UserView.swift in Sources */,
				0AA7A12A2D91CD9D00EB5684 /* ContentView.swift in Sources */,
				0AA7A1342D9239A700EB5684 /* SBTextInput.swift in Sources */,
				0AA7A12B2D91CD9D00EB5684 /* SBAppConstants.swift in Sources */,
			);
			runOnlyForDeploymentPostprocessing = 0;
		};
/* End PBXSourcesBuildPhase section */

/* Begin PBXVariantGroup section */
		0AA7A0EC2D91CD9D00EB5684 /* Localizable.strings */ = {
			isa = PBXVariantGroup;
			children = (
				0AA7A0EB2D91CD9D00EB5684 /* en */,
			);
			name = Localizable.strings;
			sourceTree = "<group>";
		};
/* End PBXVariantGroup section */

/* Begin XCBuildConfiguration section */
		DA6A84B72D809E7900454EEF /* Debug */ = {
			isa = XCBuildConfiguration;
			buildSettings = {
				ALWAYS_SEARCH_USER_PATHS = NO;
				ASSETCATALOG_COMPILER_GENERATE_SWIFT_ASSET_SYMBOL_EXTENSIONS = YES;
				CLANG_ANALYZER_NONNULL = YES;
				CLANG_ANALYZER_NUMBER_OBJECT_CONVERSION = YES_AGGRESSIVE;
				CLANG_CXX_LANGUAGE_STANDARD = "gnu++20";
				CLANG_ENABLE_MODULES = YES;
				CLANG_ENABLE_OBJC_ARC = YES;
				CLANG_ENABLE_OBJC_WEAK = YES;
				CLANG_WARN_BLOCK_CAPTURE_AUTORELEASING = YES;
				CLANG_WARN_BOOL_CONVERSION = YES;
				CLANG_WARN_COMMA = YES;
				CLANG_WARN_CONSTANT_CONVERSION = YES;
				CLANG_WARN_DEPRECATED_OBJC_IMPLEMENTATIONS = YES;
				CLANG_WARN_DIRECT_OBJC_ISA_USAGE = YES_ERROR;
				CLANG_WARN_DOCUMENTATION_COMMENTS = YES;
				CLANG_WARN_EMPTY_BODY = YES;
				CLANG_WARN_ENUM_CONVERSION = YES;
				CLANG_WARN_INFINITE_RECURSION = YES;
				CLANG_WARN_INT_CONVERSION = YES;
				CLANG_WARN_NON_LITERAL_NULL_CONVERSION = YES;
				CLANG_WARN_OBJC_IMPLICIT_RETAIN_SELF = YES;
				CLANG_WARN_OBJC_LITERAL_CONVERSION = YES;
				CLANG_WARN_OBJC_ROOT_CLASS = YES_ERROR;
				CLANG_WARN_QUOTED_INCLUDE_IN_FRAMEWORK_HEADER = YES;
				CLANG_WARN_RANGE_LOOP_ANALYSIS = YES;
				CLANG_WARN_STRICT_PROTOTYPES = YES;
				CLANG_WARN_SUSPICIOUS_MOVE = YES;
				CLANG_WARN_UNGUARDED_AVAILABILITY = YES_AGGRESSIVE;
				CLANG_WARN_UNREACHABLE_CODE = YES;
				CLANG_WARN__DUPLICATE_METHOD_MATCH = YES;
				COPY_PHASE_STRIP = NO;
				DEBUG_INFORMATION_FORMAT = dwarf;
				ENABLE_STRICT_OBJC_MSGSEND = YES;
				ENABLE_TESTABILITY = YES;
				ENABLE_USER_SCRIPT_SANDBOXING = NO;
				GCC_C_LANGUAGE_STANDARD = gnu17;
				GCC_DYNAMIC_NO_PIC = NO;
				GCC_NO_COMMON_BLOCKS = YES;
				GCC_OPTIMIZATION_LEVEL = 0;
				GCC_PREPROCESSOR_DEFINITIONS = (
					"DEBUG=1",
					"$(inherited)",
				);
				GCC_WARN_64_TO_32_BIT_CONVERSION = YES;
				GCC_WARN_ABOUT_RETURN_TYPE = YES_ERROR;
				GCC_WARN_UNDECLARED_SELECTOR = YES;
				GCC_WARN_UNINITIALIZED_AUTOS = YES_AGGRESSIVE;
				GCC_WARN_UNUSED_FUNCTION = YES;
				GCC_WARN_UNUSED_VARIABLE = YES;
				IPHONEOS_DEPLOYMENT_TARGET = 18.2;
				LOCALIZATION_PREFERS_STRING_CATALOGS = YES;
				MTL_ENABLE_DEBUG_INFO = INCLUDE_SOURCE;
				MTL_FAST_MATH = YES;
				ONLY_ACTIVE_ARCH = YES;
				SDKROOT = iphoneos;
				SWIFT_ACTIVE_COMPILATION_CONDITIONS = "DEBUG $(inherited)";
				SWIFT_OPTIMIZATION_LEVEL = "-Onone";
			};
			name = Debug;
		};
		DA6A84B82D809E7900454EEF /* Release */ = {
			isa = XCBuildConfiguration;
			buildSettings = {
				ALWAYS_SEARCH_USER_PATHS = NO;
				ASSETCATALOG_COMPILER_GENERATE_SWIFT_ASSET_SYMBOL_EXTENSIONS = YES;
				CLANG_ANALYZER_NONNULL = YES;
				CLANG_ANALYZER_NUMBER_OBJECT_CONVERSION = YES_AGGRESSIVE;
				CLANG_CXX_LANGUAGE_STANDARD = "gnu++20";
				CLANG_ENABLE_MODULES = YES;
				CLANG_ENABLE_OBJC_ARC = YES;
				CLANG_ENABLE_OBJC_WEAK = YES;
				CLANG_WARN_BLOCK_CAPTURE_AUTORELEASING = YES;
				CLANG_WARN_BOOL_CONVERSION = YES;
				CLANG_WARN_COMMA = YES;
				CLANG_WARN_CONSTANT_CONVERSION = YES;
				CLANG_WARN_DEPRECATED_OBJC_IMPLEMENTATIONS = YES;
				CLANG_WARN_DIRECT_OBJC_ISA_USAGE = YES_ERROR;
				CLANG_WARN_DOCUMENTATION_COMMENTS = YES;
				CLANG_WARN_EMPTY_BODY = YES;
				CLANG_WARN_ENUM_CONVERSION = YES;
				CLANG_WARN_INFINITE_RECURSION = YES;
				CLANG_WARN_INT_CONVERSION = YES;
				CLANG_WARN_NON_LITERAL_NULL_CONVERSION = YES;
				CLANG_WARN_OBJC_IMPLICIT_RETAIN_SELF = YES;
				CLANG_WARN_OBJC_LITERAL_CONVERSION = YES;
				CLANG_WARN_OBJC_ROOT_CLASS = YES_ERROR;
				CLANG_WARN_QUOTED_INCLUDE_IN_FRAMEWORK_HEADER = YES;
				CLANG_WARN_RANGE_LOOP_ANALYSIS = YES;
				CLANG_WARN_STRICT_PROTOTYPES = YES;
				CLANG_WARN_SUSPICIOUS_MOVE = YES;
				CLANG_WARN_UNGUARDED_AVAILABILITY = YES_AGGRESSIVE;
				CLANG_WARN_UNREACHABLE_CODE = YES;
				CLANG_WARN__DUPLICATE_METHOD_MATCH = YES;
				COPY_PHASE_STRIP = NO;
				DEBUG_INFORMATION_FORMAT = "dwarf-with-dsym";
				ENABLE_NS_ASSERTIONS = NO;
				ENABLE_STRICT_OBJC_MSGSEND = YES;
				ENABLE_USER_SCRIPT_SANDBOXING = NO;
				GCC_C_LANGUAGE_STANDARD = gnu17;
				GCC_NO_COMMON_BLOCKS = YES;
				GCC_WARN_64_TO_32_BIT_CONVERSION = YES;
				GCC_WARN_ABOUT_RETURN_TYPE = YES_ERROR;
				GCC_WARN_UNDECLARED_SELECTOR = YES;
				GCC_WARN_UNINITIALIZED_AUTOS = YES_AGGRESSIVE;
				GCC_WARN_UNUSED_FUNCTION = YES;
				GCC_WARN_UNUSED_VARIABLE = YES;
				IPHONEOS_DEPLOYMENT_TARGET = 18.2;
				LOCALIZATION_PREFERS_STRING_CATALOGS = YES;
				MTL_ENABLE_DEBUG_INFO = NO;
				MTL_FAST_MATH = YES;
				SDKROOT = iphoneos;
				SWIFT_COMPILATION_MODE = wholemodule;
				VALIDATE_PRODUCT = YES;
			};
			name = Release;
		};
		DA6A84BA2D809E7900454EEF /* Debug */ = {
			isa = XCBuildConfiguration;
			baseConfigurationReference = 6F0B829D058138A7823F66B5 /* Pods-SnapBuy.debug.xcconfig */;
			buildSettings = {
				ASSETCATALOG_COMPILER_APPICON_NAME = AppIcon;
				ASSETCATALOG_COMPILER_GLOBAL_ACCENT_COLOR_NAME = AccentColor;
				CODE_SIGN_STYLE = Automatic;
				CURRENT_PROJECT_VERSION = 1;
				DEVELOPMENT_ASSET_PATHS = "\"SnapBuy/Source/Modules/Preview Content\"";
				ENABLE_PREVIEWS = YES;
				GENERATE_INFOPLIST_FILE = YES;
				INFOPLIST_FILE = SnapBuy/Info.plist;
				INFOPLIST_KEY_UIApplicationSceneManifest_Generation = YES;
				INFOPLIST_KEY_UIApplicationSupportsIndirectInputEvents = YES;
				INFOPLIST_KEY_UILaunchScreen_Generation = YES;
				INFOPLIST_KEY_UISupportedInterfaceOrientations_iPad = "UIInterfaceOrientationPortrait UIInterfaceOrientationPortraitUpsideDown UIInterfaceOrientationLandscapeLeft UIInterfaceOrientationLandscapeRight";
				INFOPLIST_KEY_UISupportedInterfaceOrientations_iPhone = "UIInterfaceOrientationPortrait UIInterfaceOrientationLandscapeLeft UIInterfaceOrientationLandscapeRight";
				LD_RUNPATH_SEARCH_PATHS = (
					"$(inherited)",
					"@executable_path/Frameworks",
				);
				MARKETING_VERSION = 1.0;
				PRODUCT_BUNDLE_IDENTIFIER = jh.SnapBuy;
				PRODUCT_NAME = "$(TARGET_NAME)";
				SWIFT_EMIT_LOC_STRINGS = YES;
				SWIFT_VERSION = 5.0;
				TARGETED_DEVICE_FAMILY = "1,2";
			};
			name = Debug;
		};
		DA6A84BB2D809E7900454EEF /* Release */ = {
			isa = XCBuildConfiguration;
			baseConfigurationReference = 8BDE79FAB67DEB8843E5A04A /* Pods-SnapBuy.release.xcconfig */;
			buildSettings = {
				ASSETCATALOG_COMPILER_APPICON_NAME = AppIcon;
				ASSETCATALOG_COMPILER_GLOBAL_ACCENT_COLOR_NAME = AccentColor;
				CODE_SIGN_STYLE = Automatic;
				CURRENT_PROJECT_VERSION = 1;
				DEVELOPMENT_ASSET_PATHS = "\"SnapBuy/Source/Modules/Preview Content\"";
				ENABLE_PREVIEWS = YES;
				GENERATE_INFOPLIST_FILE = YES;
				INFOPLIST_FILE = SnapBuy/Info.plist;
				INFOPLIST_KEY_UIApplicationSceneManifest_Generation = YES;
				INFOPLIST_KEY_UIApplicationSupportsIndirectInputEvents = YES;
				INFOPLIST_KEY_UILaunchScreen_Generation = YES;
				INFOPLIST_KEY_UISupportedInterfaceOrientations_iPad = "UIInterfaceOrientationPortrait UIInterfaceOrientationPortraitUpsideDown UIInterfaceOrientationLandscapeLeft UIInterfaceOrientationLandscapeRight";
				INFOPLIST_KEY_UISupportedInterfaceOrientations_iPhone = "UIInterfaceOrientationPortrait UIInterfaceOrientationLandscapeLeft UIInterfaceOrientationLandscapeRight";
				LD_RUNPATH_SEARCH_PATHS = (
					"$(inherited)",
					"@executable_path/Frameworks",
				);
				MARKETING_VERSION = 1.0;
				PRODUCT_BUNDLE_IDENTIFIER = jh.SnapBuy;
				PRODUCT_NAME = "$(TARGET_NAME)";
				SWIFT_EMIT_LOC_STRINGS = YES;
				SWIFT_VERSION = 5.0;
				TARGETED_DEVICE_FAMILY = "1,2";
			};
			name = Release;
		};
/* End XCBuildConfiguration section */

/* Begin XCConfigurationList section */
		DA6A84A62D809E7700454EEF /* Build configuration list for PBXProject "SnapBuy" */ = {
			isa = XCConfigurationList;
			buildConfigurations = (
				DA6A84B72D809E7900454EEF /* Debug */,
				DA6A84B82D809E7900454EEF /* Release */,
			);
			defaultConfigurationIsVisible = 0;
			defaultConfigurationName = Release;
		};
		DA6A84B92D809E7900454EEF /* Build configuration list for PBXNativeTarget "SnapBuy" */ = {
			isa = XCConfigurationList;
			buildConfigurations = (
				DA6A84BA2D809E7900454EEF /* Debug */,
				DA6A84BB2D809E7900454EEF /* Release */,
			);
			defaultConfigurationIsVisible = 0;
			defaultConfigurationName = Release;
		};
/* End XCConfigurationList section */
	};
	rootObject = DA6A84A32D809E7700454EEF /* Project object */;
}
